
Microsoft Visual Studio Solution File, Format Version 11.00
# Visual Studio 2010
Project("{FAE04EC0-301F-11D3-BF4B-00C04F79EFBC}") = "juip.app", "juip.app\juip.app.csproj", "{D5706F1E-F069-4749-8CC5-21AE13A27607}"
EndProject
Project("{FAE04EC0-301F-11D3-BF4B-00C04F79EFBC}") = "juip", "juip\juip.csproj", "{9E98A7F9-D148-4C3A-894E-CF7A2E45B4DD}"
EndProject
Project("{FAE04EC0-301F-11D3-BF4B-00C04F79EFBC}") = "juip.app.webtemplate", "juip.app.webtemplate\juip.app.webtemplate.csproj", "{5B5DAAA7-B542-4736-A4D4-8DB80497B20A}"
EndProject
Global
	GlobalSection(SolutionConfigurationPlatforms) = preSolution
		Debug|Any CPU = Debug|Any CPU
		Release|Any CPU = Release|Any CPU
	EndGlobalSection
	GlobalSection(ProjectConfigurationPlatforms) = postSolution
		{D5706F1E-F069-4749-8CC5-21AE13A27607}.Debug|Any CPU.ActiveCfg = Debug|Any CPU
		{D5706F1E-F069-4749-8CC5-21AE13A27607}.Debug|Any CPU.Build.0 = Debug|Any CPU
		{D5706F1E-F069-4749-8CC5-21AE13A27607}.Release|Any CPU.ActiveCfg = Release|Any CPU
		{D5706F1E-F069-4749-8CC5-21AE13A27607}.Release|Any CPU.Build.0 = Release|Any CPU
		{9E98A7F9-D148-4C3A-894E-CF7A2E45B4DD}.Debug|Any CPU.ActiveCfg = Debug|Any CPU
		{9E98A7F9-D148-4C3A-894E-CF7A2E45B4DD}.Debug|Any CPU.Build.0 = Debug|Any CPU
		{9E98A7F9-D148-4C3A-894E-CF7A2E45B4DD}.Release|Any CPU.ActiveCfg = Release|Any CPU
		{9E98A7F9-D148-4C3A-894E-CF7A2E45B4DD}.Release|Any CPU.Build.0 = Release|Any CPU
		{5B5DAAA7-B542-4736-A4D4-8DB80497B20A}.Debug|Any CPU.ActiveCfg = Debug|Any CPU
		{5B5DAAA7-B542-4736-A4D4-8DB80497B20A}.Debug|Any CPU.Build.0 = Debug|Any CPU
		{5B5DAAA7-B542-4736-A4D4-8DB80497B20A}.Release|Any CPU.ActiveCfg = Release|Any CPU
		{5B5DAAA7-B542-4736-A4D4-8DB80497B20A}.Release|Any CPU.Build.0 = Release|Any CPU
	EndGlobalSection
	GlobalSection(SolutionProperties) = preSolution
		HideSolutionNode = FALSE
	EndGlobalSection
EndGlobal
