
Microsoft Visual Studio Solution File, Format Version 11.00
# Visual Studio 2010
Project("{FAE04EC0-301F-11D3-BF4B-00C04F79EFBC}") = "juipp", "juip\juipp.csproj", "{9E98A7F9-D148-4C3A-894E-CF7A2E45B4DD}"
EndProject
Project("{FAE04EC0-301F-11D3-BF4B-00C04F79EFBC}") = "juipp.Build", "juip.Build\juipp.Build.csproj", "{C2E7F288-4771-4E1F-A82A-18A834145852}"
EndProject
Project("{FAE04EC0-301F-11D3-BF4B-00C04F79EFBC}") = "adisware.Layouts.juipp", "adisware.Layouts.myapp\adisware.Layouts.juipp.csproj", "{869003C7-F4DC-4044-8688-84D6E54FD2A7}"
EndProject
Project("{FAE04EC0-301F-11D3-BF4B-00C04F79EFBC}") = "ProjectTemplate1", "ProjectTemplate1\ProjectTemplate1.csproj", "{8878DE36-0AF5-43A4-98A9-54385EF17A7D}"
EndProject
Project("{FAE04EC0-301F-11D3-BF4B-00C04F79EFBC}") = "adisware.juipp.Behavior", "adisware.juipp.Behavior\adisware.juipp.Behavior.csproj", "{58774696-2C6F-4288-9303-B9AC1CE6857E}"
EndProject
Global
	GlobalSection(SolutionConfigurationPlatforms) = preSolution
		Debug|Any CPU = Debug|Any CPU
		Release|Any CPU = Release|Any CPU
	EndGlobalSection
	GlobalSection(ProjectConfigurationPlatforms) = postSolution
		{9E98A7F9-D148-4C3A-894E-CF7A2E45B4DD}.Debug|Any CPU.ActiveCfg = Debug|Any CPU
		{9E98A7F9-D148-4C3A-894E-CF7A2E45B4DD}.Debug|Any CPU.Build.0 = Debug|Any CPU
		{9E98A7F9-D148-4C3A-894E-CF7A2E45B4DD}.Release|Any CPU.ActiveCfg = Release|Any CPU
		{9E98A7F9-D148-4C3A-894E-CF7A2E45B4DD}.Release|Any CPU.Build.0 = Release|Any CPU
		{C2E7F288-4771-4E1F-A82A-18A834145852}.Debug|Any CPU.ActiveCfg = Debug|Any CPU
		{C2E7F288-4771-4E1F-A82A-18A834145852}.Debug|Any CPU.Build.0 = Debug|Any CPU
		{C2E7F288-4771-4E1F-A82A-18A834145852}.Release|Any CPU.ActiveCfg = Release|Any CPU
		{C2E7F288-4771-4E1F-A82A-18A834145852}.Release|Any CPU.Build.0 = Release|Any CPU
		{869003C7-F4DC-4044-8688-84D6E54FD2A7}.Debug|Any CPU.ActiveCfg = Debug|Any CPU
		{869003C7-F4DC-4044-8688-84D6E54FD2A7}.Debug|Any CPU.Build.0 = Debug|Any CPU
		{869003C7-F4DC-4044-8688-84D6E54FD2A7}.Debug|Any CPU.Deploy.0 = Debug|Any CPU
		{869003C7-F4DC-4044-8688-84D6E54FD2A7}.Release|Any CPU.ActiveCfg = Release|Any CPU
		{869003C7-F4DC-4044-8688-84D6E54FD2A7}.Release|Any CPU.Build.0 = Release|Any CPU
		{869003C7-F4DC-4044-8688-84D6E54FD2A7}.Release|Any CPU.Deploy.0 = Release|Any CPU
		{8878DE36-0AF5-43A4-98A9-54385EF17A7D}.Debug|Any CPU.ActiveCfg = Debug|Any CPU
		{8878DE36-0AF5-43A4-98A9-54385EF17A7D}.Debug|Any CPU.Build.0 = Debug|Any CPU
		{8878DE36-0AF5-43A4-98A9-54385EF17A7D}.Release|Any CPU.ActiveCfg = Release|Any CPU
		{8878DE36-0AF5-43A4-98A9-54385EF17A7D}.Release|Any CPU.Build.0 = Release|Any CPU
		{58774696-2C6F-4288-9303-B9AC1CE6857E}.Debug|Any CPU.ActiveCfg = Debug|Any CPU
		{58774696-2C6F-4288-9303-B9AC1CE6857E}.Debug|Any CPU.Build.0 = Debug|Any CPU
		{58774696-2C6F-4288-9303-B9AC1CE6857E}.Release|Any CPU.ActiveCfg = Release|Any CPU
		{58774696-2C6F-4288-9303-B9AC1CE6857E}.Release|Any CPU.Build.0 = Release|Any CPU
	EndGlobalSection
	GlobalSection(SolutionProperties) = preSolution
		HideSolutionNode = FALSE
	EndGlobalSection
EndGlobal
